
Microsoft Visual Studio Solution File, Format Version 12.00
# Visual Studio Version 17
VisualStudioVersion = 17.7.34031.279
MinimumVisualStudioVersion = 10.0.40219.1
Project("{FAE04EC0-301F-11D3-BF4B-00C04F79EFBC}") = "imagenes", "imagenes.csproj", "{A1B8F6B7-BE6F-4720-A288-7A91D4CDD1B4}"
EndProject
Global
	GlobalSection(SolutionConfigurationPlatforms) = preSolution
		Debug|Any CPU = Debug|Any CPU
		Release|Any CPU = Release|Any CPU
	EndGlobalSection
	GlobalSection(ProjectConfigurationPlatforms) = postSolution
		{A1B8F6B7-BE6F-4720-A288-7A91D4CDD1B4}.Debug|Any CPU.ActiveCfg = Debug|Any CPU
		{A1B8F6B7-BE6F-4720-A288-7A91D4CDD1B4}.Debug|Any CPU.Build.0 = Debug|Any CPU
		{A1B8F6B7-BE6F-4720-A288-7A91D4CDD1B4}.Release|Any CPU.ActiveCfg = Release|Any CPU
		{A1B8F6B7-BE6F-4720-A288-7A91D4CDD1B4}.Release|Any CPU.Build.0 = Release|Any CPU
	EndGlobalSection
	GlobalSection(SolutionProperties) = preSolution
		HideSolutionNode = FALSE
	EndGlobalSection
	GlobalSection(ExtensibilityGlobals) = postSolution
		SolutionGuid = {C00F08B1-4ECB-4CCA-9C82-E101D4B44265}
	EndGlobalSection
EndGlobal
